
Microsoft Visual Studio Solution File, Format Version 12.00
# Visual Studio 2013
VisualStudioVersion = 12.0.21005.1
MinimumVisualStudioVersion = 10.0.40219.1
Project("{FAE04EC0-301F-11D3-BF4B-00C04F79EFBC}") = "Wexplorer.Data", "Wexplorer.Data\Wexplorer.Data.csproj", "{CC9DA48E-B118-4B4C-89B8-A96B70C5E207}"
EndProject
Project("{FAE04EC0-301F-11D3-BF4B-00C04F79EFBC}") = "Wexplorer.Web", "Wexplorer.Web\Wexplorer.Web.csproj", "{F1D8FBDF-24E9-4EAB-BFA9-4F23481033A5}"
EndProject
Global
	GlobalSection(SolutionConfigurationPlatforms) = preSolution
		Debug|Any CPU = Debug|Any CPU
		Release|Any CPU = Release|Any CPU
	EndGlobalSection
	GlobalSection(ProjectConfigurationPlatforms) = postSolution
		{CC9DA48E-B118-4B4C-89B8-A96B70C5E207}.Debug|Any CPU.ActiveCfg = Debug|Any CPU
		{CC9DA48E-B118-4B4C-89B8-A96B70C5E207}.Debug|Any CPU.Build.0 = Debug|Any CPU
		{CC9DA48E-B118-4B4C-89B8-A96B70C5E207}.Release|Any CPU.ActiveCfg = Release|Any CPU
		{CC9DA48E-B118-4B4C-89B8-A96B70C5E207}.Release|Any CPU.Build.0 = Release|Any CPU
		{F1D8FBDF-24E9-4EAB-BFA9-4F23481033A5}.Debug|Any CPU.ActiveCfg = Debug|Any CPU
		{F1D8FBDF-24E9-4EAB-BFA9-4F23481033A5}.Debug|Any CPU.Build.0 = Debug|Any CPU
		{F1D8FBDF-24E9-4EAB-BFA9-4F23481033A5}.Release|Any CPU.ActiveCfg = Release|Any CPU
		{F1D8FBDF-24E9-4EAB-BFA9-4F23481033A5}.Release|Any CPU.Build.0 = Release|Any CPU
	EndGlobalSection
	GlobalSection(SolutionProperties) = preSolution
		HideSolutionNode = FALSE
	EndGlobalSection
EndGlobal
